
Microsoft Visual Studio Solution File, Format Version 12.00
# Visual Studio Version 17
VisualStudioVersion = 17.14.37216.2 d17.14
MinimumVisualStudioVersion = 10.0.40219.1
Project("{FAE04EC0-301F-11D3-BF4B-00C04F79EFBC}") = "Innterface", "Innterface\Innterface.csproj", "{52577E2E-8BDB-41BC-B785-D44E91ED194D}"
EndProject
Global
	GlobalSection(SolutionConfigurationPlatforms) = preSolution
		Debug|Any CPU = Debug|Any CPU
		Release|Any CPU = Release|Any CPU
	EndGlobalSection
	GlobalSection(ProjectConfigurationPlatforms) = postSolution
		{52577E2E-8BDB-41BC-B785-D44E91ED194D}.Debug|Any CPU.ActiveCfg = Debug|Any CPU
		{52577E2E-8BDB-41BC-B785-D44E91ED194D}.Debug|Any CPU.Build.0 = Debug|Any CPU
		{52577E2E-8BDB-41BC-B785-D44E91ED194D}.Release|Any CPU.ActiveCfg = Release|Any CPU
		{52577E2E-8BDB-41BC-B785-D44E91ED194D}.Release|Any CPU.Build.0 = Release|Any CPU
	EndGlobalSection
	GlobalSection(SolutionProperties) = preSolution
		HideSolutionNode = FALSE
	EndGlobalSection
	GlobalSection(ExtensibilityGlobals) = postSolution
		SolutionGuid = {BA6C37EC-D390-4FC4-8558-90E35FD74D62}
	EndGlobalSection
EndGlobal
